
Microsoft Visual Studio Solution File, Format Version 12.00
# Visual Studio Version 16
VisualStudioVersion = 16.0.33214.272
MinimumVisualStudioVersion = 10.0.40219.1
Project("{FAE04EC0-301F-11D3-BF4B-00C04F79EFBC}") = "23-03-31_Csharp", "23-03-31_Csharp\23-03-31_Csharp.csproj", "{D4CBC957-4F85-49F0-9E54-13A8A669945B}"
EndProject
Global
	GlobalSection(SolutionConfigurationPlatforms) = preSolution
		Debug|Any CPU = Debug|Any CPU
		Release|Any CPU = Release|Any CPU
	EndGlobalSection
	GlobalSection(ProjectConfigurationPlatforms) = postSolution
		{D4CBC957-4F85-49F0-9E54-13A8A669945B}.Debug|Any CPU.ActiveCfg = Debug|Any CPU
		{D4CBC957-4F85-49F0-9E54-13A8A669945B}.Debug|Any CPU.Build.0 = Debug|Any CPU
		{D4CBC957-4F85-49F0-9E54-13A8A669945B}.Release|Any CPU.ActiveCfg = Release|Any CPU
		{D4CBC957-4F85-49F0-9E54-13A8A669945B}.Release|Any CPU.Build.0 = Release|Any CPU
	EndGlobalSection
	GlobalSection(SolutionProperties) = preSolution
		HideSolutionNode = FALSE
	EndGlobalSection
	GlobalSection(ExtensibilityGlobals) = postSolution
		SolutionGuid = {0658D309-400D-48E2-8CCA-3EAB7DC4D176}
	EndGlobalSection
EndGlobal
