
Microsoft Visual Studio Solution File, Format Version 12.00
# Visual Studio Version 16
VisualStudioVersion = 16.0.33214.272
MinimumVisualStudioVersion = 10.0.40219.1
Project("{FAE04EC0-301F-11D3-BF4B-00C04F79EFBC}") = "23-03-24-Csharp", "23-03-24-Csharp\23-03-24-Csharp.csproj", "{FE46A6FB-202E-42C8-BBAB-95F30A205E21}"
EndProject
Global
	GlobalSection(SolutionConfigurationPlatforms) = preSolution
		Debug|Any CPU = Debug|Any CPU
		Release|Any CPU = Release|Any CPU
	EndGlobalSection
	GlobalSection(ProjectConfigurationPlatforms) = postSolution
		{FE46A6FB-202E-42C8-BBAB-95F30A205E21}.Debug|Any CPU.ActiveCfg = Debug|Any CPU
		{FE46A6FB-202E-42C8-BBAB-95F30A205E21}.Debug|Any CPU.Build.0 = Debug|Any CPU
		{FE46A6FB-202E-42C8-BBAB-95F30A205E21}.Release|Any CPU.ActiveCfg = Release|Any CPU
		{FE46A6FB-202E-42C8-BBAB-95F30A205E21}.Release|Any CPU.Build.0 = Release|Any CPU
	EndGlobalSection
	GlobalSection(SolutionProperties) = preSolution
		HideSolutionNode = FALSE
	EndGlobalSection
	GlobalSection(ExtensibilityGlobals) = postSolution
		SolutionGuid = {12DB2F71-647A-4B67-A95C-5BD52AA232A3}
	EndGlobalSection
EndGlobal
