
Microsoft Visual Studio Solution File, Format Version 12.00
# Visual Studio Version 16
VisualStudioVersion = 16.0.33214.272
MinimumVisualStudioVersion = 10.0.40219.1
Project("{FAE04EC0-301F-11D3-BF4B-00C04F79EFBC}") = "03-23-CSharp", "03-23-CSharp\03-23-CSharp.csproj", "{876BC0EB-C1A8-4FC7-B456-C93F10914A6E}"
EndProject
Project("{FAE04EC0-301F-11D3-BF4B-00C04F79EFBC}") = "WindowsFormsApp1-0323-WindowForm", "WindowsFormsApp1-0323-WindowForm\WindowsFormsApp1-0323-WindowForm.csproj", "{29EC2D40-D03B-4518-AE4E-238DD28639BA}"
EndProject
Global
	GlobalSection(SolutionConfigurationPlatforms) = preSolution
		Debug|Any CPU = Debug|Any CPU
		Release|Any CPU = Release|Any CPU
	EndGlobalSection
	GlobalSection(ProjectConfigurationPlatforms) = postSolution
		{876BC0EB-C1A8-4FC7-B456-C93F10914A6E}.Debug|Any CPU.ActiveCfg = Debug|Any CPU
		{876BC0EB-C1A8-4FC7-B456-C93F10914A6E}.Debug|Any CPU.Build.0 = Debug|Any CPU
		{876BC0EB-C1A8-4FC7-B456-C93F10914A6E}.Release|Any CPU.ActiveCfg = Release|Any CPU
		{876BC0EB-C1A8-4FC7-B456-C93F10914A6E}.Release|Any CPU.Build.0 = Release|Any CPU
		{29EC2D40-D03B-4518-AE4E-238DD28639BA}.Debug|Any CPU.ActiveCfg = Debug|Any CPU
		{29EC2D40-D03B-4518-AE4E-238DD28639BA}.Debug|Any CPU.Build.0 = Debug|Any CPU
		{29EC2D40-D03B-4518-AE4E-238DD28639BA}.Release|Any CPU.ActiveCfg = Release|Any CPU
		{29EC2D40-D03B-4518-AE4E-238DD28639BA}.Release|Any CPU.Build.0 = Release|Any CPU
	EndGlobalSection
	GlobalSection(SolutionProperties) = preSolution
		HideSolutionNode = FALSE
	EndGlobalSection
	GlobalSection(ExtensibilityGlobals) = postSolution
		SolutionGuid = {0437B740-8855-4284-85BD-12BF77330ACF}
	EndGlobalSection
EndGlobal
