
Microsoft Visual Studio Solution File, Format Version 12.00
# Visual Studio Version 17
VisualStudioVersion = 17.4.33213.308
MinimumVisualStudioVersion = 10.0.40219.1
Project("{FAE04EC0-301F-11D3-BF4B-00C04F79EFBC}") = "23-04-011-Chsarp", "23-04-011-Chsarp\23-04-011-Chsarp.csproj", "{5EA30642-0DA1-4FF1-8DB0-B3EC7058E09C}"
EndProject
Global
	GlobalSection(SolutionConfigurationPlatforms) = preSolution
		Debug|Any CPU = Debug|Any CPU
		Release|Any CPU = Release|Any CPU
	EndGlobalSection
	GlobalSection(ProjectConfigurationPlatforms) = postSolution
		{5EA30642-0DA1-4FF1-8DB0-B3EC7058E09C}.Debug|Any CPU.ActiveCfg = Debug|Any CPU
		{5EA30642-0DA1-4FF1-8DB0-B3EC7058E09C}.Debug|Any CPU.Build.0 = Debug|Any CPU
		{5EA30642-0DA1-4FF1-8DB0-B3EC7058E09C}.Release|Any CPU.ActiveCfg = Release|Any CPU
		{5EA30642-0DA1-4FF1-8DB0-B3EC7058E09C}.Release|Any CPU.Build.0 = Release|Any CPU
	EndGlobalSection
	GlobalSection(SolutionProperties) = preSolution
		HideSolutionNode = FALSE
	EndGlobalSection
	GlobalSection(ExtensibilityGlobals) = postSolution
		SolutionGuid = {DC78AE88-4AB4-4F58-92E8-BD979D39CDA4}
	EndGlobalSection
EndGlobal
